
Microsoft Visual Studio Solution File, Format Version 12.00
# Visual Studio Version 16
VisualStudioVersion = 16.0.29318.209
MinimumVisualStudioVersion = 10.0.40219.1
Project("{9A19103F-16F7-4668-BE54-9A1E7A4F7556}") = "FizzBuzzBlazor", "FizzBuzzBlazor\FizzBuzzBlazor.csproj", "{3BFE5E06-D538-440B-8D90-83CC1F4CB01D}"
EndProject
Global
	GlobalSection(SolutionConfigurationPlatforms) = preSolution
		Debug|Any CPU = Debug|Any CPU
		Release|Any CPU = Release|Any CPU
	EndGlobalSection
	GlobalSection(ProjectConfigurationPlatforms) = postSolution
		{3BFE5E06-D538-440B-8D90-83CC1F4CB01D}.Debug|Any CPU.ActiveCfg = Debug|Any CPU
		{3BFE5E06-D538-440B-8D90-83CC1F4CB01D}.Debug|Any CPU.Build.0 = Debug|Any CPU
		{3BFE5E06-D538-440B-8D90-83CC1F4CB01D}.Release|Any CPU.ActiveCfg = Release|Any CPU
		{3BFE5E06-D538-440B-8D90-83CC1F4CB01D}.Release|Any CPU.Build.0 = Release|Any CPU
	EndGlobalSection
	GlobalSection(SolutionProperties) = preSolution
		HideSolutionNode = FALSE
	EndGlobalSection
	GlobalSection(ExtensibilityGlobals) = postSolution
		SolutionGuid = {30867507-F8D5-4EF5-86EA-E9430B5711E3}
	EndGlobalSection
EndGlobal
